{
  "name": "ephemeralfs",
  "version": "1.0.0",
  "lockfileVersion": 2,
  "requires": true,
  "packages": {
    "": {
      "name": "ephemeralfs",
      "version": "1.0.0",
      "license": "MIT",
      "dependencies": {
        "fzstd": "^0.0.4"
      }
    },
    "node_modules/fzstd": {
      "version": "0.0.4",
      "resolved": "https://registry.npmjs.org/fzstd/-/fzstd-0.0.4.tgz",
      "integrity": "sha512-GNZEyoB2+mGNGhBBdRiPF1WE3xRK5VTOXFNiM8YqUmo5Lo/XeyvLtSSrWLN3NS7JRnwolabqsmE970MiqI69Ug=="
    }
  },
  "dependencies": {
    "fzstd": {
      "version": "0.0.4",
      "resolved": "https://registry.npmjs.org/fzstd/-/fzstd-0.0.4.tgz",
      "integrity": "sha512-GNZEyoB2+mGNGhBBdRiPF1WE3xRK5VTOXFNiM8YqUmo5Lo/XeyvLtSSrWLN3NS7JRnwolabqsmE970MiqI69Ug=="
    }
  }
}
